<?xml version="1.0" encoding="utf-8"?>
<Project ToolsVersion="4.0" xmlns="http://schemas.microsoft.com/developer/msbuild/2003">
  <ItemGroup>
    <Filter Include="源文件">
      <UniqueIdentifier>{4FC737F1-C7A5-4376-A066-2A32D752A2FF}</UniqueIdentifier>
      <Extensions>cpp;c;cc;cxx;c++;cppm;ixx;def;odl;idl;hpj;bat;asm;asmx</Extensions>
    </Filter>
    <Filter Include="头文件">
      <UniqueIdentifier>{93995380-89BD-4b04-88EB-625FBE52EBFB}</UniqueIdentifier>
      <Extensions>h;hh;hpp;hxx;h++;hm;inl;inc;ipp;xsd</Extensions>
    </Filter>
    <Filter Include="资源文件">
      <UniqueIdentifier>{67DA6AB6-F800-4c08-8B7A-83BB121AAD01}</UniqueIdentifier>
      <Extensions>rc;ico;cur;bmp;dlg;rc2;rct;bin;rgs;gif;jpg;jpeg;jpe;resx;tiff;tif;png;wav;mfcribbon-ms</Extensions>
    </Filter>
  </ItemGroup>
  <ItemGroup>
    <ClInclude Include="Main.h">
      <Filter>头文件</Filter>
    </ClInclude>
    <ClInclude Include="src\utils\stdint.h">
      <Filter>头文件</Filter>
    </ClInclude>
    <ClInclude Include="src\features\modules\Module.h">
      <Filter>头文件</Filter>
    </ClInclude>
    <ClInclude Include="src\features\modules\combat\KillAura.h">
      <Filter>头文件</Filter>
    </ClInclude>
    <ClInclude Include="src\sdk\game\world\actor\Actor.h">
      <Filter>头文件</Filter>
    </ClInclude>
    <ClInclude Include="src\sdk\game\world\actor\mob\Mob.h">
      <Filter>头文件</Filter>
    </ClInclude>
    <ClInclude Include="src\sdk\game\world\actor\mob\player\Player.h">
      <Filter>头文件</Filter>
    </ClInclude>
    <ClInclude Include="src\sdk\game\world\actor\mob\player\LocalPlayer.h">
      <Filter>头文件</Filter>
    </ClInclude>
    <ClInclude Include="include\MinHook.h">
      <Filter>头文件</Filter>
    </ClInclude>
    <ClInclude Include="src\utils\Logger.h">
      <Filter>头文件</Filter>
    </ClInclude>
    <ClInclude Include="src\hook\ActorHook.h">
      <Filter>头文件</Filter>
    </ClInclude>
    <ClInclude Include="src\utils\ActorUtils.h">
      <Filter>头文件</Filter>
    </ClInclude>
    <ClInclude Include="src\features\event\Event.h">
      <Filter>头文件</Filter>
    </ClInclude>
    <ClInclude Include="src\features\event\NormalTickEvent.h">
      <Filter>头文件</Filter>
    </ClInclude>
    <ClInclude Include="src\features\modules\ModuleManager.h">
      <Filter>头文件</Filter>
    </ClInclude>
    <ClInclude Include="src\sdk\game\world\actor\mob\player\gamemode\GameMode.h">
      <Filter>头文件</Filter>
    </ClInclude>
    <ClInclude Include="src\features\modules\Setting.h">
      <Filter>头文件</Filter>
    </ClInclude>
    <ClInclude Include="src\sdk\game\world\actor\ActorType.hpp">
      <Filter>头文件</Filter>
    </ClInclude>
    <ClInclude Include="src\sdk\game\world\actor\ActorUniqueID.hpp">
      <Filter>头文件</Filter>
    </ClInclude>
    <ClInclude Include="src\utils\optional_ref.hpp">
      <Filter>头文件</Filter>
    </ClInclude>
    <ClInclude Include="src\utils\MemoryUtils.h">
      <Filter>头文件</Filter>
    </ClInclude>
    <ClInclude Include="src\utils\Utils.h">
      <Filter>头文件</Filter>
    </ClInclude>
    <ClInclude Include="include\freetype\freetype.h">
      <Filter>头文件</Filter>
    </ClInclude>
    <ClInclude Include="include\freetype\ftadvanc.h">
      <Filter>头文件</Filter>
    </ClInclude>
    <ClInclude Include="include\freetype\ftbbox.h">
      <Filter>头文件</Filter>
    </ClInclude>
    <ClInclude Include="include\freetype\ftbdf.h">
      <Filter>头文件</Filter>
    </ClInclude>
    <ClInclude Include="include\freetype\ftbitmap.h">
      <Filter>头文件</Filter>
    </ClInclude>
    <ClInclude Include="include\freetype\ftbzip2.h">
      <Filter>头文件</Filter>
    </ClInclude>
    <ClInclude Include="include\freetype\ftcache.h">
      <Filter>头文件</Filter>
    </ClInclude>
    <ClInclude Include="include\freetype\ftchapters.h">
      <Filter>头文件</Filter>
    </ClInclude>
    <ClInclude Include="include\freetype\ftcid.h">
      <Filter>头文件</Filter>
    </ClInclude>
    <ClInclude Include="include\freetype\ftcolor.h">
      <Filter>头文件</Filter>
    </ClInclude>
    <ClInclude Include="include\freetype\ftdriver.h">
      <Filter>头文件</Filter>
    </ClInclude>
    <ClInclude Include="include\freetype\fterrdef.h">
      <Filter>头文件</Filter>
    </ClInclude>
    <ClInclude Include="include\freetype\fterrors.h">
      <Filter>头文件</Filter>
    </ClInclude>
    <ClInclude Include="include\freetype\ftfntfmt.h">
      <Filter>头文件</Filter>
    </ClInclude>
    <ClInclude Include="include\freetype\ftgasp.h">
      <Filter>头文件</Filter>
    </ClInclude>
    <ClInclude Include="include\freetype\ftglyph.h">
      <Filter>头文件</Filter>
    </ClInclude>
    <ClInclude Include="include\freetype\ftgxval.h">
      <Filter>头文件</Filter>
    </ClInclude>
    <ClInclude Include="include\freetype\ftgzip.h">
      <Filter>头文件</Filter>
    </ClInclude>
    <ClInclude Include="include\freetype\ftimage.h">
      <Filter>头文件</Filter>
    </ClInclude>
    <ClInclude Include="include\freetype\ftincrem.h">
      <Filter>头文件</Filter>
    </ClInclude>
    <ClInclude Include="include\freetype\ftlcdfil.h">
      <Filter>头文件</Filter>
    </ClInclude>
    <ClInclude Include="include\freetype\ftlist.h">
      <Filter>头文件</Filter>
    </ClInclude>
    <ClInclude Include="include\freetype\ftlogging.h">
      <Filter>头文件</Filter>
    </ClInclude>
    <ClInclude Include="include\freetype\ftlzw.h">
      <Filter>头文件</Filter>
    </ClInclude>
    <ClInclude Include="include\freetype\ftmac.h">
      <Filter>头文件</Filter>
    </ClInclude>
    <ClInclude Include="include\freetype\ftmm.h">
      <Filter>头文件</Filter>
    </ClInclude>
    <ClInclude Include="include\freetype\ftmodapi.h">
      <Filter>头文件</Filter>
    </ClInclude>
    <ClInclude Include="include\freetype\ftmoderr.h">
      <Filter>头文件</Filter>
    </ClInclude>
    <ClInclude Include="include\freetype\ftotval.h">
      <Filter>头文件</Filter>
    </ClInclude>
    <ClInclude Include="include\freetype\ftoutln.h">
      <Filter>头文件</Filter>
    </ClInclude>
    <ClInclude Include="include\freetype\ftparams.h">
      <Filter>头文件</Filter>
    </ClInclude>
    <ClInclude Include="include\freetype\ftpfr.h">
      <Filter>头文件</Filter>
    </ClInclude>
    <ClInclude Include="include\freetype\ftrender.h">
      <Filter>头文件</Filter>
    </ClInclude>
    <ClInclude Include="include\freetype\ftsizes.h">
      <Filter>头文件</Filter>
    </ClInclude>
    <ClInclude Include="include\freetype\ftsnames.h">
      <Filter>头文件</Filter>
    </ClInclude>
    <ClInclude Include="include\freetype\ftstroke.h">
      <Filter>头文件</Filter>
    </ClInclude>
    <ClInclude Include="include\freetype\ftsynth.h">
      <Filter>头文件</Filter>
    </ClInclude>
    <ClInclude Include="include\freetype\ftsystem.h">
      <Filter>头文件</Filter>
    </ClInclude>
    <ClInclude Include="include\freetype\fttrigon.h">
      <Filter>头文件</Filter>
    </ClInclude>
    <ClInclude Include="include\freetype\fttypes.h">
      <Filter>头文件</Filter>
    </ClInclude>
    <ClInclude Include="include\freetype\ftwinfnt.h">
      <Filter>头文件</Filter>
    </ClInclude>
    <ClInclude Include="include\freetype\otsvg.h">
      <Filter>头文件</Filter>
    </ClInclude>
    <ClInclude Include="include\freetype\t1tables.h">
      <Filter>头文件</Filter>
    </ClInclude>
    <ClInclude Include="include\freetype\ttnameid.h">
      <Filter>头文件</Filter>
    </ClInclude>
    <ClInclude Include="include\freetype\tttables.h">
      <Filter>头文件</Filter>
    </ClInclude>
    <ClInclude Include="include\freetype\tttags.h">
      <Filter>头文件</Filter>
    </ClInclude>
    <ClInclude Include="src\hook\WGLHook.h">
      <Filter>头文件</Filter>
    </ClInclude>
    <ClInclude Include="include\imgui\imconfig.h">
      <Filter>头文件</Filter>
    </ClInclude>
    <ClInclude Include="include\imgui\imgui.h">
      <Filter>头文件</Filter>
    </ClInclude>
    <ClInclude Include="include\imgui\imgui_internal.h">
      <Filter>头文件</Filter>
    </ClInclude>
    <ClInclude Include="include\imgui\imstb_rectpack.h">
      <Filter>头文件</Filter>
    </ClInclude>
    <ClInclude Include="include\imgui\imstb_textedit.h">
      <Filter>头文件</Filter>
    </ClInclude>
    <ClInclude Include="include\imgui\imstb_truetype.h">
      <Filter>头文件</Filter>
    </ClInclude>
    <ClInclude Include="include\imgui\backends\imgui_impl_opengl3.h">
      <Filter>头文件</Filter>
    </ClInclude>
    <ClInclude Include="include\imgui\backends\imgui_impl_opengl3_loader.h">
      <Filter>头文件</Filter>
    </ClInclude>
    <ClInclude Include="include\imgui\backends\imgui_impl_win32.h">
      <Filter>头文件</Filter>
    </ClInclude>
    <ClInclude Include="src\features\FeatureManager.h">
      <Filter>头文件</Filter>
    </ClInclude>
    <ClInclude Include="include\nes\event_dispatcher.hpp">
      <Filter>头文件</Filter>
    </ClInclude>
    <ClInclude Include="src\features\event\RenderEvent.h">
      <Filter>头文件</Filter>
    </ClInclude>
    <ClInclude Include="src\features\event\ModuleStateChangeEvent.h">
      <Filter>头文件</Filter>
    </ClInclude>
    <ClInclude Include="src\features\modules\visual\ClickGui.h">
      <Filter>头文件</Filter>
    </ClInclude>
    <ClInclude Include="src\features\event\KeyEvent.h">
      <Filter>头文件</Filter>
    </ClInclude>
    <ClInclude Include="src\features\event\MouseEvent.h">
      <Filter>头文件</Filter>
    </ClInclude>
    <ClInclude Include="src\sdk\game\world\level\Level.h">
      <Filter>头文件</Filter>
    </ClInclude>
    <ClInclude Include="src\sdk\game\world\level\dimension\Dimension.h">
      <Filter>头文件</Filter>
    </ClInclude>
    <ClInclude Include="src\sdk\game\world\actor\EnableGetWeakRef.hpp">
      <Filter>头文件</Filter>
    </ClInclude>
    <ClInclude Include="src\sdk\game\world\actor\EntityContext.hpp">
      <Filter>头文件</Filter>
    </ClInclude>
    <ClInclude Include="src\sdk\game\world\actor\EntityId.hpp">
      <Filter>头文件</Filter>
    </ClInclude>
    <ClInclude Include="src\sdk\game\world\actor\EntityIdTraits.hpp">
      <Filter>头文件</Filter>
    </ClInclude>
    <ClInclude Include="src\sdk\game\world\actor\EntityRegistry.hpp">
      <Filter>头文件</Filter>
    </ClInclude>
    <ClInclude Include="src\sdk\game\world\actor\components\ActorTypeComponent.hpp">
      <Filter>头文件</Filter>
    </ClInclude>
    <ClInclude Include="src\sdk\game\world\actor\components\ActorOwnerComponent.hpp">
      <Filter>头文件</Filter>
    </ClInclude>
    <ClInclude Include="include\entt\entt.hpp">
      <Filter>头文件</Filter>
    </ClInclude>
    <ClInclude Include="include\entt\fwd.hpp">
      <Filter>头文件</Filter>
    </ClInclude>
    <ClInclude Include="include\entt\tools.hpp">
      <Filter>头文件</Filter>
    </ClInclude>
    <ClInclude Include="include\entt\config\config.h">
      <Filter>头文件</Filter>
    </ClInclude>
    <ClInclude Include="include\entt\config\macro.h">
      <Filter>头文件</Filter>
    </ClInclude>
    <ClInclude Include="include\entt\config\version.h">
      <Filter>头文件</Filter>
    </ClInclude>
    <ClInclude Include="include\entt\container\dense_map.hpp">
      <Filter>头文件</Filter>
    </ClInclude>
    <ClInclude Include="include\entt\container\dense_set.hpp">
      <Filter>头文件</Filter>
    </ClInclude>
    <ClInclude Include="include\entt\container\fwd.hpp">
      <Filter>头文件</Filter>
    </ClInclude>
    <ClInclude Include="include\entt\container\table.hpp">
      <Filter>头文件</Filter>
    </ClInclude>
    <ClInclude Include="include\entt\core\algorithm.hpp">
      <Filter>头文件</Filter>
    </ClInclude>
    <ClInclude Include="include\entt\core\any.hpp">
      <Filter>头文件</Filter>
    </ClInclude>
    <ClInclude Include="include\entt\core\bit.hpp">
      <Filter>头文件</Filter>
    </ClInclude>
    <ClInclude Include="include\entt\core\compressed_pair.hpp">
      <Filter>头文件</Filter>
    </ClInclude>
    <ClInclude Include="include\entt\core\concepts.hpp">
      <Filter>头文件</Filter>
    </ClInclude>
    <ClInclude Include="include\entt\core\enum.hpp">
      <Filter>头文件</Filter>
    </ClInclude>
    <ClInclude Include="include\entt\core\family.hpp">
      <Filter>头文件</Filter>
    </ClInclude>
    <ClInclude Include="include\entt\core\fwd.hpp">
      <Filter>头文件</Filter>
    </ClInclude>
    <ClInclude Include="include\entt\core\hashed_string.hpp">
      <Filter>头文件</Filter>
    </ClInclude>
    <ClInclude Include="include\entt\core\ident.hpp">
      <Filter>头文件</Filter>
    </ClInclude>
    <ClInclude Include="include\entt\core\iterator.hpp">
      <Filter>头文件</Filter>
    </ClInclude>
    <ClInclude Include="include\entt\core\memory.hpp">
      <Filter>头文件</Filter>
    </ClInclude>
    <ClInclude Include="include\entt\core\monostate.hpp">
      <Filter>头文件</Filter>
    </ClInclude>
    <ClInclude Include="include\entt\core\ranges.hpp">
      <Filter>头文件</Filter>
    </ClInclude>
    <ClInclude Include="include\entt\core\tuple.hpp">
      <Filter>头文件</Filter>
    </ClInclude>
    <ClInclude Include="include\entt\core\type_info.hpp">
      <Filter>头文件</Filter>
    </ClInclude>
    <ClInclude Include="include\entt\core\type_traits.hpp">
      <Filter>头文件</Filter>
    </ClInclude>
    <ClInclude Include="include\entt\core\utility.hpp">
      <Filter>头文件</Filter>
    </ClInclude>
    <ClInclude Include="include\entt\entity\component.hpp">
      <Filter>头文件</Filter>
    </ClInclude>
    <ClInclude Include="include\entt\entity\entity.hpp">
      <Filter>头文件</Filter>
    </ClInclude>
    <ClInclude Include="include\entt\entity\fwd.hpp">
      <Filter>头文件</Filter>
    </ClInclude>
    <ClInclude Include="include\entt\entity\group.hpp">
      <Filter>头文件</Filter>
    </ClInclude>
    <ClInclude Include="include\entt\entity\handle.hpp">
      <Filter>头文件</Filter>
    </ClInclude>
    <ClInclude Include="include\entt\entity\helper.hpp">
      <Filter>头文件</Filter>
    </ClInclude>
    <ClInclude Include="include\entt\entity\mixin.hpp">
      <Filter>头文件</Filter>
    </ClInclude>
    <ClInclude Include="include\entt\entity\organizer.hpp">
      <Filter>头文件</Filter>
    </ClInclude>
    <ClInclude Include="include\entt\entity\ranges.hpp">
      <Filter>头文件</Filter>
    </ClInclude>
    <ClInclude Include="include\entt\entity\registry.hpp">
      <Filter>头文件</Filter>
    </ClInclude>
    <ClInclude Include="include\entt\entity\runtime_view.hpp">
      <Filter>头文件</Filter>
    </ClInclude>
    <ClInclude Include="include\entt\entity\snapshot.hpp">
      <Filter>头文件</Filter>
    </ClInclude>
    <ClInclude Include="include\entt\entity\sparse_set.hpp">
      <Filter>头文件</Filter>
    </ClInclude>
    <ClInclude Include="include\entt\entity\storage.hpp">
      <Filter>头文件</Filter>
    </ClInclude>
    <ClInclude Include="include\entt\entity\view.hpp">
      <Filter>头文件</Filter>
    </ClInclude>
    <ClInclude Include="include\entt\graph\adjacency_matrix.hpp">
      <Filter>头文件</Filter>
    </ClInclude>
    <ClInclude Include="include\entt\graph\dot.hpp">
      <Filter>头文件</Filter>
    </ClInclude>
    <ClInclude Include="include\entt\graph\flow.hpp">
      <Filter>头文件</Filter>
    </ClInclude>
    <ClInclude Include="include\entt\graph\fwd.hpp">
      <Filter>头文件</Filter>
    </ClInclude>
    <ClInclude Include="include\entt\locator\locator.hpp">
      <Filter>头文件</Filter>
    </ClInclude>
    <ClInclude Include="include\entt\meta\adl_pointer.hpp">
      <Filter>头文件</Filter>
    </ClInclude>
    <ClInclude Include="include\entt\meta\container.hpp">
      <Filter>头文件</Filter>
    </ClInclude>
    <ClInclude Include="include\entt\meta\context.hpp">
      <Filter>头文件</Filter>
    </ClInclude>
    <ClInclude Include="include\entt\meta\factory.hpp">
      <Filter>头文件</Filter>
    </ClInclude>
    <ClInclude Include="include\entt\meta\fwd.hpp">
      <Filter>头文件</Filter>
    </ClInclude>
    <ClInclude Include="include\entt\meta\meta.hpp">
      <Filter>头文件</Filter>
    </ClInclude>
    <ClInclude Include="include\entt\meta\node.hpp">
      <Filter>头文件</Filter>
    </ClInclude>
    <ClInclude Include="include\entt\meta\pointer.hpp">
      <Filter>头文件</Filter>
    </ClInclude>
    <ClInclude Include="include\entt\meta\policy.hpp">
      <Filter>头文件</Filter>
    </ClInclude>
    <ClInclude Include="include\entt\meta\range.hpp">
      <Filter>头文件</Filter>
    </ClInclude>
    <ClInclude Include="include\entt\meta\resolve.hpp">
      <Filter>头文件</Filter>
    </ClInclude>
    <ClInclude Include="include\entt\meta\template.hpp">
      <Filter>头文件</Filter>
    </ClInclude>
    <ClInclude Include="include\entt\meta\type_traits.hpp">
      <Filter>头文件</Filter>
    </ClInclude>
    <ClInclude Include="include\entt\meta\utility.hpp">
      <Filter>头文件</Filter>
    </ClInclude>
    <ClInclude Include="include\entt\poly\fwd.hpp">
      <Filter>头文件</Filter>
    </ClInclude>
    <ClInclude Include="include\entt\poly\poly.hpp">
      <Filter>头文件</Filter>
    </ClInclude>
    <ClInclude Include="include\entt\process\fwd.hpp">
      <Filter>头文件</Filter>
    </ClInclude>
    <ClInclude Include="include\entt\process\process.hpp">
      <Filter>头文件</Filter>
    </ClInclude>
    <ClInclude Include="include\entt\process\scheduler.hpp">
      <Filter>头文件</Filter>
    </ClInclude>
    <ClInclude Include="include\entt\resource\cache.hpp">
      <Filter>头文件</Filter>
    </ClInclude>
    <ClInclude Include="include\entt\resource\fwd.hpp">
      <Filter>头文件</Filter>
    </ClInclude>
    <ClInclude Include="include\entt\resource\loader.hpp">
      <Filter>头文件</Filter>
    </ClInclude>
    <ClInclude Include="include\entt\resource\resource.hpp">
      <Filter>头文件</Filter>
    </ClInclude>
    <ClInclude Include="include\entt\signal\delegate.hpp">
      <Filter>头文件</Filter>
    </ClInclude>
    <ClInclude Include="include\entt\signal\dispatcher.hpp">
      <Filter>头文件</Filter>
    </ClInclude>
    <ClInclude Include="include\entt\signal\emitter.hpp">
      <Filter>头文件</Filter>
    </ClInclude>
    <ClInclude Include="include\entt\signal\fwd.hpp">
      <Filter>头文件</Filter>
    </ClInclude>
    <ClInclude Include="include\entt\signal\sigh.hpp">
      <Filter>头文件</Filter>
    </ClInclude>
    <ClInclude Include="include\entt\stl\functional.hpp">
      <Filter>头文件</Filter>
    </ClInclude>
    <ClInclude Include="include\entt\stl\iterator.hpp">
      <Filter>头文件</Filter>
    </ClInclude>
    <ClInclude Include="include\entt\stl\memory.hpp">
      <Filter>头文件</Filter>
    </ClInclude>
    <ClInclude Include="include\entt\tools\davey.hpp">
      <Filter>头文件</Filter>
    </ClInclude>
    <ClInclude Include="src\sdk\SigManager.h">
      <Filter>头文件</Filter>
    </ClInclude>
    <ClInclude Include="src\sdk\game\ClientInstance.h">
      <Filter>头文件</Filter>
    </ClInclude>
    <ClInclude Include="src\hook\ClientInstanceHook.h">
      <Filter>头文件</Filter>
    </ClInclude>
    <ClInclude Include="src\sdk\game\world\Minecraft.h">
      <Filter>头文件</Filter>
    </ClInclude>
    <ClInclude Include="src\features\modules\visual\ChestEsp.h">
      <Filter>头文件</Filter>
    </ClInclude>
    <ClInclude Include="src\features\modules\player\Scaffold.h">
      <Filter>头文件</Filter>
    </ClInclude>
    <ClInclude Include="src\sdk\game\world\block\BlockSource.h">
      <Filter>头文件</Filter>
    </ClInclude>
    <ClInclude Include="src\sdk\game\world\block\Block.h">
      <Filter>头文件</Filter>
    </ClInclude>
    <ClInclude Include="src\sdk\game\world\block\BlockLegacy.h">
      <Filter>头文件</Filter>
    </ClInclude>
    <ClInclude Include="src\utils\ColorUtils.h">
      <Filter>头文件</Filter>
    </ClInclude>
    <ClInclude Include="src\features\modules\combat\Reach.h">
      <Filter>头文件</Filter>
    </ClInclude>
    <ClInclude Include="src\utils\RenderUtils.h">
      <Filter>头文件</Filter>
    </ClInclude>
    <ClInclude Include="src\features\modules\visual\Notifications.h">
      <Filter>头文件</Filter>
    </ClInclude>
    <ClInclude Include="src\features\event\NotifyEvent.h">
      <Filter>头文件</Filter>
    </ClInclude>
    <ClInclude Include="src\utils\MathUtils.h">
      <Filter>头文件</Filter>
    </ClInclude>
    <ClInclude Include="include\android\View.h">
      <Filter>头文件</Filter>
    </ClInclude>
    <ClInclude Include="src\features\modules\player\NoFall.h">
      <Filter>头文件</Filter>
    </ClInclude>
    <ClInclude Include="src\sdk\game\network\packet\Packet.h">
      <Filter>头文件</Filter>
    </ClInclude>
    <ClInclude Include="src\sdk\game\network\MinecraftPacketIds.hpp">
      <Filter>头文件</Filter>
    </ClInclude>
    <ClInclude Include="src\sdk\game\network\packet\IPacketHandlerDispatcher.h">
      <Filter>头文件</Filter>
    </ClInclude>
    <ClInclude Include="src\hook\PacketSendHook.h">
      <Filter>头文件</Filter>
    </ClInclude>
    <ClInclude Include="src\sdk\game\network\LoopbackPacketSender.h">
      <Filter>头文件</Filter>
    </ClInclude>
    <ClInclude Include="src\features\event\PacketOutEvent.h">
      <Filter>头文件</Filter>
    </ClInclude>
    <ClInclude Include="src\sdk\game\network\packet\PlayerAuthInputPacket.h">
      <Filter>头文件</Filter>
    </ClInclude>
    <ClInclude Include="include\magic_enum\magic_enum.hpp">
      <Filter>头文件</Filter>
    </ClInclude>
    <ClInclude Include="include\magic_enum\magic_enum_all.hpp">
      <Filter>头文件</Filter>
    </ClInclude>
    <ClInclude Include="include\magic_enum\magic_enum_containers.hpp">
      <Filter>头文件</Filter>
    </ClInclude>
    <ClInclude Include="include\magic_enum\magic_enum_flags.hpp">
      <Filter>头文件</Filter>
    </ClInclude>
    <ClInclude Include="include\magic_enum\magic_enum_format.hpp">
      <Filter>头文件</Filter>
    </ClInclude>
    <ClInclude Include="include\magic_enum\magic_enum_fuse.hpp">
      <Filter>头文件</Filter>
    </ClInclude>
    <ClInclude Include="include\magic_enum\magic_enum_iostream.hpp">
      <Filter>头文件</Filter>
    </ClInclude>
    <ClInclude Include="include\magic_enum\magic_enum_switch.hpp">
      <Filter>头文件</Filter>
    </ClInclude>
    <ClInclude Include="include\magic_enum\magic_enum_utility.hpp">
      <Filter>头文件</Filter>
    </ClInclude>
  </ItemGroup>
  <ItemGroup>
    <ClCompile Include="dllmain.cpp">
      <Filter>源文件</Filter>
    </ClCompile>
    <ClCompile Include="Main.cpp">
      <Filter>源文件</Filter>
    </ClCompile>
    <ClCompile Include="src\features\modules\Module.cpp">
      <Filter>源文件</Filter>
    </ClCompile>
    <ClCompile Include="src\features\modules\combat\KillAura.cpp">
      <Filter>源文件</Filter>
    </ClCompile>
    <ClCompile Include="src\sdk\game\world\actor\Actor.cpp">
      <Filter>源文件</Filter>
    </ClCompile>
    <ClCompile Include="src\sdk\game\world\actor\mob\Mob.cpp">
      <Filter>源文件</Filter>
    </ClCompile>
    <ClCompile Include="src\sdk\game\world\actor\mob\player\Player.cpp">
      <Filter>源文件</Filter>
    </ClCompile>
    <ClCompile Include="src\sdk\game\world\actor\mob\player\LocalPlayer.cpp">
      <Filter>源文件</Filter>
    </ClCompile>
    <ClCompile Include="src\hook\ActorHook.cpp">
      <Filter>源文件</Filter>
    </ClCompile>
    <ClCompile Include="src\utils\ActorUtils.cpp">
      <Filter>源文件</Filter>
    </ClCompile>
    <ClCompile Include="src\features\modules\ModuleManager.cpp">
      <Filter>源文件</Filter>
    </ClCompile>
    <ClCompile Include="src\sdk\game\world\actor\mob\player\gamemode\GameMode.cpp">
      <Filter>源文件</Filter>
    </ClCompile>
    <ClCompile Include="src\features\modules\Setting.cpp">
      <Filter>源文件</Filter>
    </ClCompile>
    <ClCompile Include="src\utils\MemoryUtils.cpp">
      <Filter>源文件</Filter>
    </ClCompile>
    <ClCompile Include="src\hook\WGLHook.cpp">
      <Filter>源文件</Filter>
    </ClCompile>
    <ClCompile Include="include\imgui\imgui.cpp">
      <Filter>源文件</Filter>
    </ClCompile>
    <ClCompile Include="include\imgui\imgui_demo.cpp">
      <Filter>源文件</Filter>
    </ClCompile>
    <ClCompile Include="include\imgui\imgui_draw.cpp">
      <Filter>源文件</Filter>
    </ClCompile>
    <ClCompile Include="include\imgui\imgui_tables.cpp">
      <Filter>源文件</Filter>
    </ClCompile>
    <ClCompile Include="include\imgui\imgui_widgets.cpp">
      <Filter>源文件</Filter>
    </ClCompile>
    <ClCompile Include="include\imgui\backends\imgui_impl_opengl3.cpp">
      <Filter>源文件</Filter>
    </ClCompile>
    <ClCompile Include="include\imgui\backends\imgui_impl_win32.cpp">
      <Filter>源文件</Filter>
    </ClCompile>
    <ClCompile Include="src\features\FeatureManager.cpp">
      <Filter>源文件</Filter>
    </ClCompile>
    <ClCompile Include="src\features\modules\visual\ClickGui.cpp">
      <Filter>源文件</Filter>
    </ClCompile>
    <ClCompile Include="src\sdk\game\world\level\Level.cpp">
      <Filter>源文件</Filter>
    </ClCompile>
    <ClCompile Include="src\sdk\game\world\level\dimension\Dimension.cpp">
      <Filter>源文件</Filter>
    </ClCompile>
    <ClCompile Include="src\sdk\SigManager.cpp">
      <Filter>源文件</Filter>
    </ClCompile>
    <ClCompile Include="src\sdk\game\ClientInstance.cpp">
      <Filter>源文件</Filter>
    </ClCompile>
    <ClCompile Include="src\hook\ClientInstanceHook.cpp">
      <Filter>源文件</Filter>
    </ClCompile>
    <ClCompile Include="src\sdk\game\world\Minecraft.cpp">
      <Filter>源文件</Filter>
    </ClCompile>
    <ClCompile Include="src\features\modules\visual\ChestEsp.cpp">
      <Filter>源文件</Filter>
    </ClCompile>
    <ClCompile Include="src\features\modules\player\Scaffold.cpp">
      <Filter>源文件</Filter>
    </ClCompile>
    <ClCompile Include="src\sdk\game\world\block\BlockSource.cpp">
      <Filter>源文件</Filter>
    </ClCompile>
    <ClCompile Include="src\sdk\game\world\block\Block.cpp">
      <Filter>源文件</Filter>
    </ClCompile>
    <ClCompile Include="src\sdk\game\world\block\BlockLegacy.cpp">
      <Filter>源文件</Filter>
    </ClCompile>
    <ClCompile Include="src\features\modules\combat\Reach.cpp">
      <Filter>源文件</Filter>
    </ClCompile>
    <ClCompile Include="src\features\modules\visual\Notifications.cpp">
      <Filter>源文件</Filter>
    </ClCompile>
    <ClCompile Include="src\utils\MathUtils.cpp">
      <Filter>源文件</Filter>
    </ClCompile>
    <ClCompile Include="src\features\modules\player\NoFall.cpp">
      <Filter>源文件</Filter>
    </ClCompile>
    <ClCompile Include="src\hook\PacketSendHook.cpp">
      <Filter>源文件</Filter>
    </ClCompile>
    <ClCompile Include="src\sdk\game\network\LoopbackPacketSender.cpp">
      <Filter>源文件</Filter>
    </ClCompile>
  </ItemGroup>
  <ItemGroup>
    <Text Include="include\imgui\LICENSE.txt" />
  </ItemGroup>
  <ItemGroup>
    <Library Include="lib\libMinHook.x64.lib" />
  </ItemGroup>
  <ItemGroup>
    <Natvis Include="include\entt\natvis\config.natvis" />
    <Natvis Include="include\entt\natvis\container.natvis" />
    <Natvis Include="include\entt\natvis\core.natvis" />
    <Natvis Include="include\entt\natvis\entity.natvis" />
    <Natvis Include="include\entt\natvis\graph.natvis" />
    <Natvis Include="include\entt\natvis\locator.natvis" />
    <Natvis Include="include\entt\natvis\meta.natvis" />
    <Natvis Include="include\entt\natvis\poly.natvis" />
    <Natvis Include="include\entt\natvis\process.natvis" />
    <Natvis Include="include\entt\natvis\resource.natvis" />
    <Natvis Include="include\entt\natvis\signal.natvis" />
  </ItemGroup>
  <ItemGroup>
    <Font Include="resources\Inter-Medium.ttf" />
    <Font Include="resources\Inter-Bold.ttf" />
  </ItemGroup>
</Project>